
Microsoft Visual Studio Solution File, Format Version 12.00
# Visual Studio Version 16
VisualStudioVersion = 16.0.29326.143
MinimumVisualStudioVersion = 10.0.40219.1
Project("{FAE04EC0-301F-11D3-BF4B-00C04F79EFBC}") = "Polygons", "Polygons\Polygons.csproj", "{4EAE4006-F67F-4EE1-B8A7-600CAA4D9C17}"
EndProject
Project("{9A19103F-16F7-4668-BE54-9A1E7A4F7556}") = "Common", "Common\Common.csproj", "{2555CFFA-4DC6-442D-BAB3-B33194CCF7F2}"
EndProject
Project("{FAE04EC0-301F-11D3-BF4B-00C04F79EFBC}") = "Lightning", "Lightning\Lightning.csproj", "{10050C89-70A9-4146-8884-93EC2FC8B9DA}"
EndProject
Project("{FAE04EC0-301F-11D3-BF4B-00C04F79EFBC}") = "Colors", "Colors\Colors.csproj", "{AB9F7127-2E8A-4A6E-AE89-C8C71EA088CD}"
EndProject
Project("{FAE04EC0-301F-11D3-BF4B-00C04F79EFBC}") = "3D", "3D\3D.csproj", "{A99FC6C7-D41C-46F1-87FB-B630F91BD5B7}"
EndProject
Global
	GlobalSection(SolutionConfigurationPlatforms) = preSolution
		Debug|Any CPU = Debug|Any CPU
		Release|Any CPU = Release|Any CPU
	EndGlobalSection
	GlobalSection(ProjectConfigurationPlatforms) = postSolution
		{4EAE4006-F67F-4EE1-B8A7-600CAA4D9C17}.Debug|Any CPU.ActiveCfg = Debug|Any CPU
		{4EAE4006-F67F-4EE1-B8A7-600CAA4D9C17}.Debug|Any CPU.Build.0 = Debug|Any CPU
		{4EAE4006-F67F-4EE1-B8A7-600CAA4D9C17}.Release|Any CPU.ActiveCfg = Release|Any CPU
		{4EAE4006-F67F-4EE1-B8A7-600CAA4D9C17}.Release|Any CPU.Build.0 = Release|Any CPU
		{2555CFFA-4DC6-442D-BAB3-B33194CCF7F2}.Debug|Any CPU.ActiveCfg = Debug|Any CPU
		{2555CFFA-4DC6-442D-BAB3-B33194CCF7F2}.Debug|Any CPU.Build.0 = Debug|Any CPU
		{2555CFFA-4DC6-442D-BAB3-B33194CCF7F2}.Release|Any CPU.ActiveCfg = Release|Any CPU
		{2555CFFA-4DC6-442D-BAB3-B33194CCF7F2}.Release|Any CPU.Build.0 = Release|Any CPU
		{10050C89-70A9-4146-8884-93EC2FC8B9DA}.Debug|Any CPU.ActiveCfg = Debug|Any CPU
		{10050C89-70A9-4146-8884-93EC2FC8B9DA}.Debug|Any CPU.Build.0 = Debug|Any CPU
		{10050C89-70A9-4146-8884-93EC2FC8B9DA}.Release|Any CPU.ActiveCfg = Release|Any CPU
		{10050C89-70A9-4146-8884-93EC2FC8B9DA}.Release|Any CPU.Build.0 = Release|Any CPU
		{AB9F7127-2E8A-4A6E-AE89-C8C71EA088CD}.Debug|Any CPU.ActiveCfg = Debug|Any CPU
		{AB9F7127-2E8A-4A6E-AE89-C8C71EA088CD}.Debug|Any CPU.Build.0 = Debug|Any CPU
		{AB9F7127-2E8A-4A6E-AE89-C8C71EA088CD}.Release|Any CPU.ActiveCfg = Release|Any CPU
		{AB9F7127-2E8A-4A6E-AE89-C8C71EA088CD}.Release|Any CPU.Build.0 = Release|Any CPU
		{A99FC6C7-D41C-46F1-87FB-B630F91BD5B7}.Debug|Any CPU.ActiveCfg = Debug|Any CPU
		{A99FC6C7-D41C-46F1-87FB-B630F91BD5B7}.Debug|Any CPU.Build.0 = Debug|Any CPU
		{A99FC6C7-D41C-46F1-87FB-B630F91BD5B7}.Release|Any CPU.ActiveCfg = Release|Any CPU
		{A99FC6C7-D41C-46F1-87FB-B630F91BD5B7}.Release|Any CPU.Build.0 = Release|Any CPU
	EndGlobalSection
	GlobalSection(SolutionProperties) = preSolution
		HideSolutionNode = FALSE
	EndGlobalSection
	GlobalSection(ExtensibilityGlobals) = postSolution
		SolutionGuid = {77250D58-01F8-4AAB-9ADC-21E6CCD5ADF3}
	EndGlobalSection
EndGlobal
